
Microsoft Visual Studio Solution File, Format Version 12.00
# Visual Studio Version 17
VisualStudioVersion = 17.4.33205.214
MinimumVisualStudioVersion = 10.0.40219.1
Project("{9A19103F-16F7-4668-BE54-9A1E7A4F7556}") = "TodoApplication.Domain", "TodoApplication.Domain\TodoApplication.Domain.csproj", "{61B34C2C-3ADD-478E-AAEE-A7D6C213BB1C}"
EndProject
Project("{9A19103F-16F7-4668-BE54-9A1E7A4F7556}") = "TodoApplication.Web", "TodoApplication.Web\TodoApplication.Web.csproj", "{2AF68770-DB74-448C-B427-629C2FB844D6}"
EndProject
Project("{FAE04EC0-301F-11D3-BF4B-00C04F79EFBC}") = "TodoApplication.Tests", "TodoApplication.Tests\TodoApplication.Tests.csproj", "{EC0A9AE6-8967-473D-9EED-4A3C1F93EBE3}"
EndProject
Global
	GlobalSection(SolutionConfigurationPlatforms) = preSolution
		Debug|Any CPU = Debug|Any CPU
		Release|Any CPU = Release|Any CPU
	EndGlobalSection
	GlobalSection(ProjectConfigurationPlatforms) = postSolution
		{61B34C2C-3ADD-478E-AAEE-A7D6C213BB1C}.Debug|Any CPU.ActiveCfg = Debug|Any CPU
		{61B34C2C-3ADD-478E-AAEE-A7D6C213BB1C}.Debug|Any CPU.Build.0 = Debug|Any CPU
		{61B34C2C-3ADD-478E-AAEE-A7D6C213BB1C}.Release|Any CPU.ActiveCfg = Release|Any CPU
		{61B34C2C-3ADD-478E-AAEE-A7D6C213BB1C}.Release|Any CPU.Build.0 = Release|Any CPU
		{2AF68770-DB74-448C-B427-629C2FB844D6}.Debug|Any CPU.ActiveCfg = Debug|Any CPU
		{2AF68770-DB74-448C-B427-629C2FB844D6}.Debug|Any CPU.Build.0 = Debug|Any CPU
		{2AF68770-DB74-448C-B427-629C2FB844D6}.Release|Any CPU.ActiveCfg = Release|Any CPU
		{2AF68770-DB74-448C-B427-629C2FB844D6}.Release|Any CPU.Build.0 = Release|Any CPU
		{EC0A9AE6-8967-473D-9EED-4A3C1F93EBE3}.Debug|Any CPU.ActiveCfg = Debug|Any CPU
		{EC0A9AE6-8967-473D-9EED-4A3C1F93EBE3}.Debug|Any CPU.Build.0 = Debug|Any CPU
		{EC0A9AE6-8967-473D-9EED-4A3C1F93EBE3}.Release|Any CPU.ActiveCfg = Release|Any CPU
		{EC0A9AE6-8967-473D-9EED-4A3C1F93EBE3}.Release|Any CPU.Build.0 = Release|Any CPU
	EndGlobalSection
	GlobalSection(SolutionProperties) = preSolution
		HideSolutionNode = FALSE
	EndGlobalSection
	GlobalSection(ExtensibilityGlobals) = postSolution
		SolutionGuid = {1524424D-856B-4CA5-962C-F87EE173D8CC}
	EndGlobalSection
EndGlobal
